
Microsoft Visual Studio Solution File, Format Version 12.00
# Visual Studio Version 16
VisualStudioVersion = 16.0.30309.148
MinimumVisualStudioVersion = 10.0.40219.1
Project("{FAE04EC0-301F-11D3-BF4B-00C04F79EFBC}") = "ObjectCompare", "ObjectCompare\ObjectCompare.csproj", "{D950862E-1C40-433B-B6E5-9AB49DEB25B2}"
EndProject
Global
	GlobalSection(SolutionConfigurationPlatforms) = preSolution
		Debug|Any CPU = Debug|Any CPU
		Release|Any CPU = Release|Any CPU
	EndGlobalSection
	GlobalSection(ProjectConfigurationPlatforms) = postSolution
		{D950862E-1C40-433B-B6E5-9AB49DEB25B2}.Debug|Any CPU.ActiveCfg = Debug|Any CPU
		{D950862E-1C40-433B-B6E5-9AB49DEB25B2}.Debug|Any CPU.Build.0 = Debug|Any CPU
		{D950862E-1C40-433B-B6E5-9AB49DEB25B2}.Release|Any CPU.ActiveCfg = Release|Any CPU
		{D950862E-1C40-433B-B6E5-9AB49DEB25B2}.Release|Any CPU.Build.0 = Release|Any CPU
	EndGlobalSection
	GlobalSection(SolutionProperties) = preSolution
		HideSolutionNode = FALSE
	EndGlobalSection
	GlobalSection(ExtensibilityGlobals) = postSolution
		SolutionGuid = {D493DECC-5246-4FE9-9D7D-B678FE93AC9A}
	EndGlobalSection
EndGlobal
